<?xml version="1.0" encoding="UTF-8" standalone="yes" ?>
<CodeBlocks_project_file>
	<FileVersion major="1" minor="6" />
	<Project>
		<Option title="liboonet" />
		<Option pch_mode="2" />
		<Option compiler="gcc" />
		<Build>
			<Target title="Debug">
				<Option output="liboonet_d" prefix_auto="1" extension_auto="1" />
				<Option working_dir="" />
				<Option object_output="obj/Debug/" />
				<Option type="2" />
				<Option compiler="gcc" />
				<Option createDefFile="1" />
				<Compiler>
					<Add option="-Wall" />
					<Add option="-g" />
				</Compiler>
			</Target>
			<Target title="Release">
				<Option output="liboonet" prefix_auto="1" extension_auto="1" />
				<Option working_dir="" />
				<Option object_output="obj/Release/" />
				<Option type="2" />
				<Option compiler="gcc" />
				<Option createDefFile="1" />
				<Compiler>
					<Add option="-Wall" />
					<Add option="-O2" />
				</Compiler>
				<Linker>
					<Add option="-s" />
				</Linker>
			</Target>
		</Build>
		<Compiler>
			<Add directory="../../liboonet" />
		</Compiler>
		<Unit filename="../../liboonet/Http/Client.cpp" />
		<Unit filename="../../liboonet/Http/Client.h" />
		<Unit filename="../../liboonet/Http/ClientHandler.cpp" />
		<Unit filename="../../liboonet/Http/ClientHandler.h" />
		<Unit filename="../../liboonet/Http/Headers.cpp" />
		<Unit filename="../../liboonet/Http/Headers.h" />
		<Unit filename="../../liboonet/Http/Packet.cpp" />
		<Unit filename="../../liboonet/Http/Packet.h" />
		<Unit filename="../../liboonet/Http/Request.cpp" />
		<Unit filename="../../liboonet/Http/Request.h" />
		<Unit filename="../../liboonet/Http/Response.cpp" />
		<Unit filename="../../liboonet/Http/Response.h" />
		<Unit filename="../../liboonet/Http/Server.cpp" />
		<Unit filename="../../liboonet/Http/Server.h" />
		<Unit filename="../../liboonet/Http/Url.cpp" />
		<Unit filename="../../liboonet/Http/Url.h" />
		<Unit filename="../../liboonet/Makefile" />
		<Unit filename="../../liboonet/Makefile.am" />
		<Unit filename="../../liboonet/Makefile.in" />
		<Unit filename="../../liboonet/base64.cpp" />
		<Unit filename="../../liboonet/base64.hpp" />
		<Unit filename="../../liboonet/binary_data.cpp" />
		<Unit filename="../../liboonet/binary_data.hpp" />
		<Unit filename="../../liboonet/buffer.cpp" />
		<Unit filename="../../liboonet/buffer.hpp" />
		<Unit filename="../../liboonet/exception.cpp" />
		<Unit filename="../../liboonet/exception.hpp" />
		<Unit filename="../../liboonet/host_inet.cpp" />
		<Unit filename="../../liboonet/host_inet.hpp" />
		<Unit filename="../../liboonet/host_resolver.cpp" />
		<Unit filename="../../liboonet/host_resolver.hpp" />
		<Unit filename="../../liboonet/mutex.hpp" />
		<Unit filename="../../liboonet/mutex_impl_posix.cpp" />
		<Unit filename="../../liboonet/netserver.hpp" />
		<Unit filename="../../liboonet/netstream.cpp" />
		<Unit filename="../../liboonet/netstream.hpp" />
		<Unit filename="../../liboonet/netstream_threaded.cpp" />
		<Unit filename="../../liboonet/netstream_threaded.hpp" />
		<Unit filename="../../liboonet/oonet.hpp" />
		<Unit filename="../../liboonet/port_inet.cpp" />
		<Unit filename="../../liboonet/port_inet.hpp" />
		<Unit filename="../../liboonet/scoped_lock.hpp" />
		<Unit filename="../../liboonet/semaphore.hpp" />
		<Unit filename="../../liboonet/semaphore_impl_posix.cpp" />
		<Unit filename="../../liboonet/socket.cpp" />
		<Unit filename="../../liboonet/socket.hpp" />
		<Unit filename="../../liboonet/socket_address.cpp" />
		<Unit filename="../../liboonet/socket_address.hpp" />
		<Unit filename="../../liboonet/socket_address_inet.cpp" />
		<Unit filename="../../liboonet/socket_address_inet.hpp" />
		<Unit filename="../../liboonet/string_converter.cpp" />
		<Unit filename="../../liboonet/string_converter.h" />
		<Unit filename="../../liboonet/thread.cpp" />
		<Unit filename="../../liboonet/thread.hpp" />
		<Unit filename="../../liboonet/thread_impl_posix.cpp" />
		<Extensions>
			<envvars />
			<code_completion />
			<debugger />
			<lib_finder disable_auto="1" />
		</Extensions>
	</Project>
</CodeBlocks_project_file>
