<?xml version="1.0" encoding="UTF-8" standalone="yes" ?>
<CodeBlocks_project_file>
	<FileVersion major="1" minor="6" />
	<Project>
		<Option title="liboonet" />
		<Option pch_mode="2" />
		<Option compiler="gcc" />
		<Build>
			<Target title="Debug">
				<Option output="liboonet_d" prefix_auto="1" extension_auto="1" />
				<Option working_dir="" />
				<Option object_output="obj/Debug/" />
				<Option type="2" />
				<Option compiler="gcc" />
				<Option createDefFile="1" />
				<Compiler>
					<Add option="-Wall" />
					<Add option="-g" />
				</Compiler>
			</Target>
			<Target title="Release">
				<Option output="liboonet" prefix_auto="1" extension_auto="1" />
				<Option working_dir="" />
				<Option object_output="obj/Release/" />
				<Option type="2" />
				<Option compiler="gcc" />
				<Option createDefFile="1" />
				<Compiler>
					<Add option="-fexpensive-optimizations" />
					<Add option="-O3" />
					<Add option="-Wall" />
					<Add option="-mtune=native -march=native" />
				</Compiler>
				<Linker>
					<Add option="-s" />
				</Linker>
			</Target>
		</Build>
		<Compiler>
			<Add directory="../../liboonet" />
		</Compiler>
		<Unit filename="../../oonet/base64.cpp" />
		<Unit filename="../../oonet/base64.hpp" />
		<Unit filename="../../oonet/binary_data.cpp" />
		<Unit filename="../../oonet/binary_data.hpp" />
		<Unit filename="../../oonet/buffer.cpp" />
		<Unit filename="../../oonet/buffer.hpp" />
		<Unit filename="../../oonet/exception.cpp" />
		<Unit filename="../../oonet/exception.hpp" />
		<Unit filename="../../oonet/host_inet.cpp" />
		<Unit filename="../../oonet/host_inet.hpp" />
		<Unit filename="../../oonet/host_resolver.cpp" />
		<Unit filename="../../oonet/host_resolver.hpp" />
		<Unit filename="../../oonet/http/client.cpp" />
		<Unit filename="../../oonet/http/client.hpp" />
		<Unit filename="../../oonet/http/headers_list.cpp" />
		<Unit filename="../../oonet/http/headers_list.hpp" />
		<Unit filename="../../oonet/http/message.cpp" />
		<Unit filename="../../oonet/http/message.hpp" />
		<Unit filename="../../oonet/http/request.cpp" />
		<Unit filename="../../oonet/http/request.hpp" />
		<Unit filename="../../oonet/http/response.cpp" />
		<Unit filename="../../oonet/http/response.hpp" />
		<Unit filename="../../oonet/http/server.cpp" />
		<Unit filename="../../oonet/http/server.hpp" />
		<Unit filename="../../oonet/http/server_clienthandler.cpp" />
		<Unit filename="../../oonet/http/server_clienthandler.hpp" />
		<Unit filename="../../oonet/http/url.cpp" />
		<Unit filename="../../oonet/http/url.hpp" />
		<Unit filename="../../oonet/mutex.hpp" />
		<Unit filename="../../oonet/mutex_impl_posix.cpp" />
		<Unit filename="../../oonet/netserver.hpp" />
		<Unit filename="../../oonet/netstream.cpp" />
		<Unit filename="../../oonet/netstream.hpp" />
		<Unit filename="../../oonet/netstream_threaded.cpp" />
		<Unit filename="../../oonet/netstream_threaded.hpp" />
		<Unit filename="../../oonet/oonet.cpp" />
		<Unit filename="../../oonet/oonet.hpp" />
		<Unit filename="../../oonet/port_inet.cpp" />
		<Unit filename="../../oonet/port_inet.hpp" />
		<Unit filename="../../oonet/scoped_lock.hpp" />
		<Unit filename="../../oonet/semaphore.hpp" />
		<Unit filename="../../oonet/semaphore_impl_posix.cpp" />
		<Unit filename="../../oonet/serialization.hpp" />
		<Unit filename="../../oonet/socket.cpp" />
		<Unit filename="../../oonet/socket.hpp" />
		<Unit filename="../../oonet/socket_address.cpp" />
		<Unit filename="../../oonet/socket_address.hpp" />
		<Unit filename="../../oonet/socket_address_inet.cpp" />
		<Unit filename="../../oonet/socket_address_inet.hpp" />
		<Unit filename="../../oonet/socket_impl_posix.cpp" />
		<Unit filename="../../oonet/string_converter.cpp" />
		<Unit filename="../../oonet/string_converter.h" />
		<Unit filename="../../oonet/thread.cpp" />
		<Unit filename="../../oonet/thread.hpp" />
		<Unit filename="../../oonet/thread_impl_posix.cpp" />
		<Extensions>
			<envvars />
			<code_completion />
			<debugger />
			<lib_finder disable_auto="1" />
		</Extensions>
	</Project>
</CodeBlocks_project_file>
