<?xml version="1.0" encoding="UTF-8" standalone="yes" ?>
<CodeBlocks_project_file>
	<FileVersion major="1" minor="6" />
	<Project>
		<Option title="liboonet-tests" />
		<Option pch_mode="2" />
		<Option compiler="gcc" />
		<Build>
			<Target title="Debug">
				<Option output="bin/Debug/liboonet-tests" prefix_auto="1" extension_auto="1" />
				<Option object_output="obj/Debug/" />
				<Option external_deps="liboonet_d.a;" />
				<Option type="1" />
				<Option compiler="gcc" />
				<Compiler>
					<Add option="-g" />
				</Compiler>
				<Linker>
					<Add library="liboonet_d.a" />
				</Linker>
			</Target>
			<Target title="Release">
				<Option output="bin/Release/liboonet-tests" prefix_auto="1" extension_auto="1" />
				<Option object_output="obj/Release/" />
				<Option external_deps="liboonet.a;" />
				<Option type="1" />
				<Option compiler="gcc" />
				<Compiler>
					<Add option="-fexpensive-optimizations" />
					<Add option="-O3" />
					<Add option="-march=native -mtune=native" />
				</Compiler>
				<Linker>
					<Add option="-s" />
					<Add library="liboonet.a" />
				</Linker>
			</Target>
		</Build>
		<Compiler>
			<Add option="-Wall" />
			<Add option="-fexceptions" />
			<Add directory="../.." />
		</Compiler>
		<Linker>
			<Add library="pthread" />
			<Add directory="." />
		</Linker>
		<Unit filename="../../oonet-tests/SubTest.cpp" />
		<Unit filename="../../oonet-tests/SubTest.h" />
		<Unit filename="../../oonet-tests/Test.cpp" />
		<Unit filename="../../oonet-tests/Test.h" />
		<Unit filename="../../oonet-tests/TestEssentials.h" />
		<Unit filename="../../oonet-tests/TestStringConverter.cpp" />
		<Unit filename="../../oonet-tests/TestStringConverter.h" />
		<Unit filename="../../oonet-tests/main.cpp" />
		<Unit filename="../../oonet-tests/test_benchmark.cpp" />
		<Unit filename="../../oonet-tests/test_benchmark.hpp" />
		<Unit filename="../../oonet-tests/test_binary_data.cpp" />
		<Unit filename="../../oonet-tests/test_binary_data.hpp" />
		<Unit filename="../../oonet-tests/test_buffer.cpp" />
		<Unit filename="../../oonet-tests/test_buffer.hpp" />
		<Unit filename="../../oonet-tests/test_host_inet.cpp" />
		<Unit filename="../../oonet-tests/test_host_inet.hpp" />
		<Unit filename="../../oonet-tests/test_host_resolver.cpp" />
		<Unit filename="../../oonet-tests/test_host_resolver.hpp" />
		<Unit filename="../../oonet-tests/test_http_client.cpp" />
		<Unit filename="../../oonet-tests/test_http_client.hpp" />
		<Unit filename="../../oonet-tests/test_http_headers_list.cpp" />
		<Unit filename="../../oonet-tests/test_http_headers_list.hpp" />
		<Unit filename="../../oonet-tests/test_http_message.cpp" />
		<Unit filename="../../oonet-tests/test_http_message.hpp" />
		<Unit filename="../../oonet-tests/test_http_request.cpp" />
		<Unit filename="../../oonet-tests/test_http_request.hpp" />
		<Unit filename="../../oonet-tests/test_http_response.cpp" />
		<Unit filename="../../oonet-tests/test_http_response.hpp" />
		<Unit filename="../../oonet-tests/test_http_server.cpp" />
		<Unit filename="../../oonet-tests/test_http_server.hpp" />
		<Unit filename="../../oonet-tests/test_mutex.cpp" />
		<Unit filename="../../oonet-tests/test_mutex.hpp" />
		<Unit filename="../../oonet-tests/test_netserver.cpp" />
		<Unit filename="../../oonet-tests/test_netserver.hpp" />
		<Unit filename="../../oonet-tests/test_netstream_threaded.cpp" />
		<Unit filename="../../oonet-tests/test_netstream_threaded.h" />
		<Unit filename="../../oonet-tests/test_port_inet.cpp" />
		<Unit filename="../../oonet-tests/test_port_inet.hpp" />
		<Unit filename="../../oonet-tests/test_semaphore.cpp" />
		<Unit filename="../../oonet-tests/test_semaphore.hpp" />
		<Unit filename="../../oonet-tests/test_socket.cpp" />
		<Unit filename="../../oonet-tests/test_socket.hpp" />
		<Unit filename="../../oonet-tests/test_socket_address_inet.cpp" />
		<Unit filename="../../oonet-tests/test_socket_address_inet.hpp" />
		<Unit filename="../../oonet-tests/test_thread.cpp" />
		<Unit filename="../../oonet-tests/test_thread.hpp" />
		<Unit filename="../../oonet-tests/test_url.cpp" />
		<Unit filename="../../oonet-tests/test_url.hpp" />
		<Extensions>
			<envvars />
			<code_completion />
			<debugger />
			<lib_finder disable_auto="1" />
		</Extensions>
	</Project>
</CodeBlocks_project_file>
